{
    "_meta": {
        "hash": {
            "sha256": "5954fd45a11d172d78782aa370f3714ce52764b0c691919ac61737249619f43f"
        },
        "pipfile-spec": 6,
        "requires": {
            "python_version": "3.10"
        },
        "sources": [
            {
                "name": "pypi",
                "url": "https://pypi.org/simple",
                "verify_ssl": true
            }
        ]
    },
    "default": {
        "clr": {
            "hashes": [
                "sha256:26505b51f73518d531a52b1f7855488f8c764de94f248ebb7cbe0549acc9d333",
                "sha256:7553f81f7ddc5579e45616ced5fcbdae3941ec817dacf5972d39a156c7cdba1a"
            ],
            "index": "pypi",
            "version": "==1.0.3"
        }
    },
    "develop": {}
}
